
Microsoft Visual Studio Solution File, Format Version 12.00
# Visual Studio Version 17
VisualStudioVersion = 17.10.35013.160
MinimumVisualStudioVersion = 10.0.40219.1
Project("{8BC9CEB8-8B4A-11D0-8D11-00A0C91BC942}") = "SfmlExampleWithOpenGL", "SfmlExampleWithOpenGL\SfmlExampleWithOpenGL.vcxproj", "{7AA9458D-D97A-4111-A798-82A60C184B60}"
EndProject
Global
	GlobalSection(SolutionConfigurationPlatforms) = preSolution
		Debug|x64 = Debug|x64
		Debug|x86 = Debug|x86
		Release|x64 = Release|x64
		Release|x86 = Release|x86
	EndGlobalSection
	GlobalSection(ProjectConfigurationPlatforms) = postSolution
		{7AA9458D-D97A-4111-A798-82A60C184B60}.Debug|x64.ActiveCfg = Debug|x64
		{7AA9458D-D97A-4111-A798-82A60C184B60}.Debug|x64.Build.0 = Debug|x64
		{7AA9458D-D97A-4111-A798-82A60C184B60}.Debug|x86.ActiveCfg = Debug|Win32
		{7AA9458D-D97A-4111-A798-82A60C184B60}.Debug|x86.Build.0 = Debug|Win32
		{7AA9458D-D97A-4111-A798-82A60C184B60}.Release|x64.ActiveCfg = Release|x64
		{7AA9458D-D97A-4111-A798-82A60C184B60}.Release|x64.Build.0 = Release|x64
		{7AA9458D-D97A-4111-A798-82A60C184B60}.Release|x86.ActiveCfg = Release|Win32
		{7AA9458D-D97A-4111-A798-82A60C184B60}.Release|x86.Build.0 = Release|Win32
	EndGlobalSection
	GlobalSection(SolutionProperties) = preSolution
		HideSolutionNode = FALSE
	EndGlobalSection
	GlobalSection(ExtensibilityGlobals) = postSolution
		SolutionGuid = {4088A9A3-93FC-47B5-8FB8-6A47DF27232D}
	EndGlobalSection
EndGlobal
